
Microsoft Visual Studio Solution File, Format Version 12.00
# Visual Studio Version 17
VisualStudioVersion = 17.4.33110.190
MinimumVisualStudioVersion = 10.0.40219.1
Project("{9A19103F-16F7-4668-BE54-9A1E7A4F7556}") = "ChimithequeLib", "ChimithequeLib\ChimithequeLib.csproj", "{4764B62D-6C0F-4B43-8E00-7F723B17CB0F}"
EndProject
Project("{9A19103F-16F7-4668-BE54-9A1E7A4F7556}") = "ChimithequeConsoleApp", "Tests\ChimithequeConsoleApp\ChimithequeConsoleApp.csproj", "{C7AF5DFF-5D09-4AD7-B22D-ECD9B54FBFA3}"
EndProject
Global
	GlobalSection(SolutionConfigurationPlatforms) = preSolution
		Debug|Any CPU = Debug|Any CPU
		Release|Any CPU = Release|Any CPU
	EndGlobalSection
	GlobalSection(ProjectConfigurationPlatforms) = postSolution
		{4764B62D-6C0F-4B43-8E00-7F723B17CB0F}.Debug|Any CPU.ActiveCfg = Debug|Any CPU
		{4764B62D-6C0F-4B43-8E00-7F723B17CB0F}.Debug|Any CPU.Build.0 = Debug|Any CPU
		{4764B62D-6C0F-4B43-8E00-7F723B17CB0F}.Release|Any CPU.ActiveCfg = Release|Any CPU
		{4764B62D-6C0F-4B43-8E00-7F723B17CB0F}.Release|Any CPU.Build.0 = Release|Any CPU
		{C7AF5DFF-5D09-4AD7-B22D-ECD9B54FBFA3}.Debug|Any CPU.ActiveCfg = Debug|Any CPU
		{C7AF5DFF-5D09-4AD7-B22D-ECD9B54FBFA3}.Debug|Any CPU.Build.0 = Debug|Any CPU
		{C7AF5DFF-5D09-4AD7-B22D-ECD9B54FBFA3}.Release|Any CPU.ActiveCfg = Release|Any CPU
		{C7AF5DFF-5D09-4AD7-B22D-ECD9B54FBFA3}.Release|Any CPU.Build.0 = Release|Any CPU
	EndGlobalSection
	GlobalSection(SolutionProperties) = preSolution
		HideSolutionNode = FALSE
	EndGlobalSection
	GlobalSection(ExtensibilityGlobals) = postSolution
		SolutionGuid = {79C400EC-AC76-45FA-91C4-1B8420B6F3EB}
	EndGlobalSection
EndGlobal
