
Microsoft Visual Studio Solution File, Format Version 12.00
# Visual Studio Version 17
VisualStudioVersion = 17.3.32929.385
MinimumVisualStudioVersion = 10.0.40219.1
Project("{9A19103F-16F7-4668-BE54-9A1E7A4F7556}") = "ChimithequeConsoleApp", "Tests\ChimithequeConsoleApp\ChimithequeConsoleApp.csproj", "{B4E12445-ACE0-4261-8332-FCF954361358}"
EndProject
Project("{FAE04EC0-301F-11D3-BF4B-00C04F79EFBC}") = "Chimitheque Mobile App", "Chimitheque Mobile App\Chimitheque Mobile App.csproj", "{8923E6AE-F5CD-459A-A228-A8CDBF3CB8B3}"
EndProject
Project("{FAE04EC0-301F-11D3-BF4B-00C04F79EFBC}") = "ChimithequeLib", "ChimithequeLib\ChimithequeLib.csproj", "{229D32A6-AFA9-4C12-8165-B18F0FA05C0B}"
EndProject
Global
	GlobalSection(SolutionConfigurationPlatforms) = preSolution
		Debug|Any CPU = Debug|Any CPU
		Release|Any CPU = Release|Any CPU
	EndGlobalSection
	GlobalSection(ProjectConfigurationPlatforms) = postSolution
		{B4E12445-ACE0-4261-8332-FCF954361358}.Debug|Any CPU.ActiveCfg = Debug|Any CPU
		{B4E12445-ACE0-4261-8332-FCF954361358}.Debug|Any CPU.Build.0 = Debug|Any CPU
		{B4E12445-ACE0-4261-8332-FCF954361358}.Release|Any CPU.ActiveCfg = Release|Any CPU
		{B4E12445-ACE0-4261-8332-FCF954361358}.Release|Any CPU.Build.0 = Release|Any CPU
		{8923E6AE-F5CD-459A-A228-A8CDBF3CB8B3}.Debug|Any CPU.ActiveCfg = Debug|Any CPU
		{8923E6AE-F5CD-459A-A228-A8CDBF3CB8B3}.Debug|Any CPU.Build.0 = Debug|Any CPU
		{8923E6AE-F5CD-459A-A228-A8CDBF3CB8B3}.Debug|Any CPU.Deploy.0 = Debug|Any CPU
		{8923E6AE-F5CD-459A-A228-A8CDBF3CB8B3}.Release|Any CPU.ActiveCfg = Release|Any CPU
		{8923E6AE-F5CD-459A-A228-A8CDBF3CB8B3}.Release|Any CPU.Build.0 = Release|Any CPU
		{8923E6AE-F5CD-459A-A228-A8CDBF3CB8B3}.Release|Any CPU.Deploy.0 = Release|Any CPU
		{229D32A6-AFA9-4C12-8165-B18F0FA05C0B}.Debug|Any CPU.ActiveCfg = Debug|Any CPU
		{229D32A6-AFA9-4C12-8165-B18F0FA05C0B}.Debug|Any CPU.Build.0 = Debug|Any CPU
		{229D32A6-AFA9-4C12-8165-B18F0FA05C0B}.Release|Any CPU.ActiveCfg = Release|Any CPU
		{229D32A6-AFA9-4C12-8165-B18F0FA05C0B}.Release|Any CPU.Build.0 = Release|Any CPU
	EndGlobalSection
	GlobalSection(SolutionProperties) = preSolution
		HideSolutionNode = FALSE
	EndGlobalSection
	GlobalSection(ExtensibilityGlobals) = postSolution
		SolutionGuid = {853D8DD9-72EA-4AF1-B59F-EEE0CF675312}
	EndGlobalSection
EndGlobal
